
Microsoft Visual Studio Solution File, Format Version 12.00
# Visual Studio Version 17
VisualStudioVersion = 17.2.32616.157
MinimumVisualStudioVersion = 10.0.40219.1
Project("{FAE04EC0-301F-11D3-BF4B-00C04F79EFBC}") = "PriorityQueueWithShifting", "PriorityQueueWithShifting.csproj", "{C03634D2-B576-4445-8331-AC857A8B1AA3}"
EndProject
Global
	GlobalSection(SolutionConfigurationPlatforms) = preSolution
		Debug|Any CPU = Debug|Any CPU
		Release|Any CPU = Release|Any CPU
	EndGlobalSection
	GlobalSection(ProjectConfigurationPlatforms) = postSolution
		{C03634D2-B576-4445-8331-AC857A8B1AA3}.Debug|Any CPU.ActiveCfg = Debug|Any CPU
		{C03634D2-B576-4445-8331-AC857A8B1AA3}.Debug|Any CPU.Build.0 = Debug|Any CPU
		{C03634D2-B576-4445-8331-AC857A8B1AA3}.Release|Any CPU.ActiveCfg = Release|Any CPU
		{C03634D2-B576-4445-8331-AC857A8B1AA3}.Release|Any CPU.Build.0 = Release|Any CPU
	EndGlobalSection
	GlobalSection(SolutionProperties) = preSolution
		HideSolutionNode = FALSE
	EndGlobalSection
	GlobalSection(ExtensibilityGlobals) = postSolution
		SolutionGuid = {E474873E-3083-477C-B39E-049417921715}
	EndGlobalSection
EndGlobal
